lock_version = 2
manifest_checksum = "4e706ff6e0de6f7ce02f20105d273e4dd39aa1df0eea04f85c2128c140b2c15c"
target = "aarch64-apple-darwin"
generator = "1.1.8"

[root_dependencies]
macos-ui = "yanxu-macos-ui@0.7.4#9d64a90c3aed-6a1397528c3c1a57"

[root_dev_dependencies]

[[package]]
id = "yanxu-macos-ui@0.7.4#9d64a90c3aed-6a1397528c3c1a57"
name = "yanxu-macos-ui"
version = "0.7.4"
source = "git:https://github.com/yanxulang/yanxu-macos-ui.git"
revision = "71618b3f534826b59d935bf7900ee27bbbd3d2e8"
checksum = "6a1397528c3c1a57523053896751877ac1ece0c9c26cd677630666e5acdce53d"
entry = "src/言序麦金塔界面.yx"
target = "aarch64-apple-darwin"
minimum_yanxu = ">=1.1.7"

[package.dependencies]

[package.exports]
"默认" = "src/言序麦金塔界面.yx"

[package.native]
abi = 2
target = "aarch64-apple-darwin"
path = "native/aarch64-apple-darwin/libYanxuMacUIHost.dylib"
checksum = "50609951fa2190919835657a94ff63698c172c8e105cc8e871591383efacfaf9"
size = 1117048
